
Microsoft Visual Studio Solution File, Format Version 12.00
# Visual Studio Version 16
VisualStudioVersion = 16.0.29324.140
MinimumVisualStudioVersion = 10.0.40219.1
Project("{9A19103F-16F7-4668-BE54-9A1E7A4F7556}") = "ApkaBot_WPF", "ApkaBot\ApkaBot_WPF.csproj", "{75705E39-C416-46FC-A36F-B6820BA4AFC8}"
EndProject
Project("{9A19103F-16F7-4668-BE54-9A1E7A4F7556}") = "ApkaBotLibrary", "ApkaBotLibrary\ApkaBotLibrary.csproj", "{D64C7B4A-8918-46E2-8FA0-3633596163C6}"
EndProject
Global
	GlobalSection(SolutionConfigurationPlatforms) = preSolution
		Debug|Any CPU = Debug|Any CPU
		Release|Any CPU = Release|Any CPU
	EndGlobalSection
	GlobalSection(ProjectConfigurationPlatforms) = postSolution
		{75705E39-C416-46FC-A36F-B6820BA4AFC8}.Debug|Any CPU.ActiveCfg = Debug|Any CPU
		{75705E39-C416-46FC-A36F-B6820BA4AFC8}.Debug|Any CPU.Build.0 = Debug|Any CPU
		{75705E39-C416-46FC-A36F-B6820BA4AFC8}.Release|Any CPU.ActiveCfg = Release|Any CPU
		{75705E39-C416-46FC-A36F-B6820BA4AFC8}.Release|Any CPU.Build.0 = Release|Any CPU
		{D64C7B4A-8918-46E2-8FA0-3633596163C6}.Debug|Any CPU.ActiveCfg = Debug|Any CPU
		{D64C7B4A-8918-46E2-8FA0-3633596163C6}.Debug|Any CPU.Build.0 = Debug|Any CPU
		{D64C7B4A-8918-46E2-8FA0-3633596163C6}.Release|Any CPU.ActiveCfg = Release|Any CPU
		{D64C7B4A-8918-46E2-8FA0-3633596163C6}.Release|Any CPU.Build.0 = Release|Any CPU
	EndGlobalSection
	GlobalSection(SolutionProperties) = preSolution
		HideSolutionNode = FALSE
	EndGlobalSection
	GlobalSection(ExtensibilityGlobals) = postSolution
		SolutionGuid = {11ACCCA2-5939-4DCB-8198-DF44C580B4DB}
	EndGlobalSection
EndGlobal
